
Microsoft Visual Studio Solution File, Format Version 12.00
# Visual Studio Version 17
VisualStudioVersion = 17.11.35327.3
MinimumVisualStudioVersion = 10.0.40219.1
Project("{8BC9CEB8-8B4A-11D0-8D11-00A0C91BC942}") = "FastRetopo", "FastRetopo\FastRetopo.vcxproj", "{6546F089-08AB-46C5-A55D-9926CAB9CBFB}"
EndProject
Global
	GlobalSection(SolutionConfigurationPlatforms) = preSolution
		Debug|Maya2024_x64 = Debug|Maya2024_x64
		Release|Maya2024_x64 = Release|Maya2024_x64
	EndGlobalSection
	GlobalSection(ProjectConfigurationPlatforms) = postSolution
		{6546F089-08AB-46C5-A55D-9926CAB9CBFB}.Debug|Maya2024_x64.ActiveCfg = Debug|x64
		{6546F089-08AB-46C5-A55D-9926CAB9CBFB}.Debug|Maya2024_x64.Build.0 = Debug|x64
		{6546F089-08AB-46C5-A55D-9926CAB9CBFB}.Release|Maya2024_x64.ActiveCfg = Release|x64
		{6546F089-08AB-46C5-A55D-9926CAB9CBFB}.Release|Maya2024_x64.Build.0 = Release|x64
	EndGlobalSection
	GlobalSection(SolutionProperties) = preSolution
		HideSolutionNode = FALSE
	EndGlobalSection
	GlobalSection(ExtensibilityGlobals) = postSolution
		SolutionGuid = {37A8C806-D166-4D51-B4AF-8DFFD78B6EA5}
	EndGlobalSection
EndGlobal
